Microsoft Visual Studio Solution File, Format Version 12.00
# Visual Studio Version 17
VisualStudioVersion = 17.5.2.0
MinimumVisualStudioVersion = 10.0.40219.1
Project("{FAE04EC0-301F-11D3-BF4B-00C04F79EFBC}") = "TrabajoFinalBE", "Backend\TrabajoFinalBE.csproj", "{351DC129-1B60-5764-C485-E9C45222285F}"
EndProject
Global
	GlobalSection(SolutionConfigurationPlatforms) = preSolution
		Debug|Any CPU = Debug|Any CPU
		Release|Any CPU = Release|Any CPU
	EndGlobalSection
	GlobalSection(ProjectConfigurationPlatforms) = postSolution
		{351DC129-1B60-5764-C485-E9C45222285F}.Debug|Any CPU.ActiveCfg = Debug|Any CPU
		{351DC129-1B60-5764-C485-E9C45222285F}.Debug|Any CPU.Build.0 = Debug|Any CPU
		{351DC129-1B60-5764-C485-E9C45222285F}.Release|Any CPU.ActiveCfg = Release|Any CPU
		{351DC129-1B60-5764-C485-E9C45222285F}.Release|Any CPU.Build.0 = Release|Any CPU
	EndGlobalSection
	GlobalSection(SolutionProperties) = preSolution
		HideSolutionNode = FALSE
	EndGlobalSection
	GlobalSection(ExtensibilityGlobals) = postSolution
		SolutionGuid = {7E35CCD0-FC84-47B0-BB66-871BE49B4622}
	EndGlobalSection
EndGlobal
